// !$*UTF8*$!
{
	archiveVersion = 1;
	classes = {
	};
	objectVersion = 42;
	objects = {

/* Begin PBXBuildFile section */
		A1E70D480A38B5D5007BE3E3 /* cacheapi.c in Sources */ = {isa = PBXBuildFile; fileRef = A1E70D000A38B5BB007BE3E3 /* cacheapi.c */; };
		A1E70D490A38B5D5007BE3E3 /* ccache.c in Sources */ = {isa = PBXBuildFile; fileRef = A1E70D010A38B5BB007BE3E3 /* ccache.c */; };
		A1E70D4A0A38B5D5007BE3E3 /* ccache_iterator.c in Sources */ = {isa = PBXBuildFile; fileRef = A1E70D030A38B5BB007BE3E3 /* ccache_iterator.c */; };
		A1E70D4B0A38B5D5007BE3E3 /* ccapiv2.c in Sources */ = {isa = PBXBuildFile; fileRef = A1E70D050A38B5BB007BE3E3 /* ccapiv2.c */; };
		A1E70D4C0A38B5D5007BE3E3 /* ccstring.c in Sources */ = {isa = PBXBuildFile; fileRef = A1E70D060A38B5BB007BE3E3 /* ccstring.c */; };
		A1E70D4D0A38B5D5007BE3E3 /* context.c in Sources */ = {isa = PBXBuildFile; fileRef = A1E70D080A38B5BB007BE3E3 /* context.c */; };
		A1E70D4E0A38B5D5007BE3E3 /* credentials.c in Sources */ = {isa = PBXBuildFile; fileRef = A1E70D0A0A38B5BB007BE3E3 /* credentials.c */; };
		A1E70D4F0A38B5D5007BE3E3 /* credentials_iterator.c in Sources */ = {isa = PBXBuildFile; fileRef = A1E70D0C0A38B5BB007BE3E3 /* credentials_iterator.c */; };
		A1E70D510A38B60C007BE3E3 /* generic_lists.c in Sources */ = {isa = PBXBuildFile; fileRef = A1E70D120A38B5BB007BE3E3 /* generic_lists.c */; };
		A1E70D520A38B60C007BE3E3 /* marshall.c in Sources */ = {isa = PBXBuildFile; fileRef = A1E70D130A38B5BB007BE3E3 /* marshall.c */; };
		A1E70D530A38B60C007BE3E3 /* msg.c in Sources */ = {isa = PBXBuildFile; fileRef = A1E70D140A38B5BB007BE3E3 /* msg.c */; };
		A1E70D890A38BB47007BE3E3 /* ccs_ccache.c in Sources */ = {isa = PBXBuildFile; fileRef = A1E70D280A38B5BB007BE3E3 /* ccs_ccache.c */; };
		A1E70D8A0A38BB47007BE3E3 /* ccs_context.c in Sources */ = {isa = PBXBuildFile; fileRef = A1E70D290A38B5BB007BE3E3 /* ccs_context.c */; };
		A1E70D8B0A38BB47007BE3E3 /* ccs_lists.c in Sources */ = {isa = PBXBuildFile; fileRef = A1E70D2A0A38B5BB007BE3E3 /* ccs_lists.c */; };
		A1E70D8C0A38BB47007BE3E3 /* rpc_auth.c in Sources */ = {isa = PBXBuildFile; fileRef = A1E70D2E0A38B5BB007BE3E3 /* rpc_auth.c */; };
		A1E70D8D0A38BB47007BE3E3 /* serv_ops.c in Sources */ = {isa = PBXBuildFile; fileRef = A1E70D2F0A38B5BB007BE3E3 /* serv_ops.c */; };
		A1E70D8E0A38BB4F007BE3E3 /* generic_lists.c in Sources */ = {isa = PBXBuildFile; fileRef = A1E70D120A38B5BB007BE3E3 /* generic_lists.c */; };
		A1E70D8F0A38BB4F007BE3E3 /* marshall.c in Sources */ = {isa = PBXBuildFile; fileRef = A1E70D130A38B5BB007BE3E3 /* marshall.c */; };
		A1E70D900A38BB4F007BE3E3 /* msg.c in Sources */ = {isa = PBXBuildFile; fileRef = A1E70D140A38B5BB007BE3E3 /* msg.c */; };
		A1E70D9B0A38BBE2007BE3E3 /* main.c in Sources */ = {isa = PBXBuildFile; fileRef = A1E70D930A38BB67007BE3E3 /* main.c */; };
		A1E70D9F0A38BCAD007BE3E3 /* mig.defs in Sources */ = {isa = PBXBuildFile; fileRef = A1E70D9E0A38BCAD007BE3E3 /* mig.defs */; };
		A1E70DA00A38BCAD007BE3E3 /* mig.defs in Sources */ = {isa = PBXBuildFile; fileRef = A1E70D9E0A38BCAD007BE3E3 /* mig.defs */; settings = {ATTRIBUTES = (Server, ); }; };
		A1E70DEA0A38C710007BE3E3 /* kipc_client.c in Sources */ = {isa = PBXBuildFile; fileRef = A1E70DE40A38C6FD007BE3E3 /* kipc_client.c */; };
		A1E70DEB0A38C710007BE3E3 /* kipc_common.c in Sources */ = {isa = PBXBuildFile; fileRef = A1E70DE50A38C6FD007BE3E3 /* kipc_common.c */; };
		A1E70DEC0A38C710007BE3E3 /* kipc_session.c in Sources */ = {isa = PBXBuildFile; fileRef = A1E70DE70A38C6FD007BE3E3 /* kipc_session.c */; };
		A1E70DED0A38C71D007BE3E3 /* kipc_common.c in Sources */ = {isa = PBXBuildFile; fileRef = A1E70DE50A38C6FD007BE3E3 /* kipc_common.c */; };
		A1E70DEE0A38C71D007BE3E3 /* kipc_server.c in Sources */ = {isa = PBXBuildFile; fileRef = A1E70DE60A38C6FD007BE3E3 /* kipc_server.c */; };
		A1E70DEF0A38C71D007BE3E3 /* kipc_session.c in Sources */ = {isa = PBXBuildFile; fileRef = A1E70DE70A38C6FD007BE3E3 /* kipc_session.c */; };
		A1E70DF00A38C71D007BE3E3 /* notify.defs in Sources */ = {isa = PBXBuildFile; fileRef = A1E70DE80A38C6FD007BE3E3 /* notify.defs */; settings = {ATTRIBUTES = (Server, ); }; };
/* End PBXBuildFile section */

/* Begin PBXFileReference section */
		A1E70D000A38B5BB007BE3E3 /* cacheapi.c */ = {isa = PBXFileReference; fileEncoding = 4; lastKnownFileType = sourcecode.c.c; path = cacheapi.c; sourceTree = "<group>"; };
		A1E70D010A38B5BB007BE3E3 /* ccache.c */ = {isa = PBXFileReference; fileEncoding = 4; lastKnownFileType = sourcecode.c.c; path = ccache.c; sourceTree = "<group>"; };
		A1E70D020A38B5BB007BE3E3 /* ccache.h */ = {isa = PBXFileReference; fileEncoding = 4; lastKnownFileType = sourcecode.c.h; path = ccache.h; sourceTree = "<group>"; };
		A1E70D030A38B5BB007BE3E3 /* ccache_iterator.c */ = {isa = PBXFileReference; fileEncoding = 4; lastKnownFileType = sourcecode.c.c; path = ccache_iterator.c; sourceTree = "<group>"; };
		A1E70D040A38B5BB007BE3E3 /* ccache_iterator.h */ = {isa = PBXFileReference; fileEncoding = 4; lastKnownFileType = sourcecode.c.h; path = ccache_iterator.h; sourceTree = "<group>"; };
		A1E70D050A38B5BB007BE3E3 /* ccapiv2.c */ = {isa = PBXFileReference; fileEncoding = 4; lastKnownFileType = sourcecode.c.c; path = ccapiv2.c; sourceTree = "<group>"; };
		A1E70D060A38B5BB007BE3E3 /* ccstring.c */ = {isa = PBXFileReference; fileEncoding = 4; lastKnownFileType = sourcecode.c.c; path = ccstring.c; sourceTree = "<group>"; };
		A1E70D070A38B5BB007BE3E3 /* ccstring.h */ = {isa = PBXFileReference; fileEncoding = 4; lastKnownFileType = sourcecode.c.h; path = ccstring.h; sourceTree = "<group>"; };
		A1E70D080A38B5BB007BE3E3 /* context.c */ = {isa = PBXFileReference; fileEncoding = 4; lastKnownFileType = sourcecode.c.c; path = context.c; sourceTree = "<group>"; };
		A1E70D090A38B5BB007BE3E3 /* context.h */ = {isa = PBXFileReference; fileEncoding = 4; lastKnownFileType = sourcecode.c.h; path = context.h; sourceTree = "<group>"; };
		A1E70D0A0A38B5BB007BE3E3 /* credentials.c */ = {isa = PBXFileReference; fileEncoding = 4; lastKnownFileType = sourcecode.c.c; path = credentials.c; sourceTree = "<group>"; };
		A1E70D0B0A38B5BB007BE3E3 /* credentials.h */ = {isa = PBXFileReference; fileEncoding = 4; lastKnownFileType = sourcecode.c.h; path = credentials.h; sourceTree = "<group>"; };
		A1E70D0C0A38B5BB007BE3E3 /* credentials_iterator.c */ = {isa = PBXFileReference; fileEncoding = 4; lastKnownFileType = sourcecode.c.c; path = credentials_iterator.c; sourceTree = "<group>"; };
		A1E70D0D0A38B5BB007BE3E3 /* credentials_iterator.h */ = {isa = PBXFileReference; fileEncoding = 4; lastKnownFileType = sourcecode.c.h; path = credentials_iterator.h; sourceTree = "<group>"; };
		A1E70D0F0A38B5BB007BE3E3 /* NTMakefile */ = {isa = PBXFileReference; fileEncoding = 4; lastKnownFileType = text; path = NTMakefile; sourceTree = "<group>"; };
		A1E70D120A38B5BB007BE3E3 /* generic_lists.c */ = {isa = PBXFileReference; fileEncoding = 4; lastKnownFileType = sourcecode.c.c; path = generic_lists.c; sourceTree = "<group>"; };
		A1E70D130A38B5BB007BE3E3 /* marshall.c */ = {isa = PBXFileReference; fileEncoding = 4; lastKnownFileType = sourcecode.c.c; path = marshall.c; sourceTree = "<group>"; };
		A1E70D140A38B5BB007BE3E3 /* msg.c */ = {isa = PBXFileReference; fileEncoding = 4; lastKnownFileType = sourcecode.c.c; path = msg.c; sourceTree = "<group>"; };
		A1E70D150A38B5BB007BE3E3 /* NTMakefile */ = {isa = PBXFileReference; fileEncoding = 4; lastKnownFileType = text; path = NTMakefile; sourceTree = "<group>"; };
		A1E70D170A38B5BB007BE3E3 /* implementation-notes.txt */ = {isa = PBXFileReference; fileEncoding = 4; lastKnownFileType = text; path = "implementation-notes.txt"; sourceTree = "<group>"; };
		A1E70D190A38B5BB007BE3E3 /* cc_rpc.h */ = {isa = PBXFileReference; fileEncoding = 4; lastKnownFileType = sourcecode.c.h; path = cc_rpc.h; sourceTree = "<group>"; };
		A1E70D1A0A38B5BB007BE3E3 /* CredentialsCache.h */ = {isa = PBXFileReference; fileEncoding = 4; lastKnownFileType = sourcecode.c.h; path = CredentialsCache.h; sourceTree = "<group>"; };
		A1E70D1B0A38B5BB007BE3E3 /* CredentialsCache2.h */ = {isa = PBXFileReference; fileEncoding = 4; lastKnownFileType = sourcecode.c.h; path = CredentialsCache2.h; sourceTree = "<group>"; };
		A1E70D1C0A38B5BB007BE3E3 /* datastore.h */ = {isa = PBXFileReference; fileEncoding = 4; lastKnownFileType = sourcecode.c.h; path = datastore.h; sourceTree = "<group>"; };
		A1E70D1D0A38B5BB007BE3E3 /* generic_lists.h */ = {isa = PBXFileReference; fileEncoding = 4; lastKnownFileType = sourcecode.c.h; path = generic_lists.h; sourceTree = "<group>"; };
		A1E70D1E0A38B5BB007BE3E3 /* marshall.h */ = {isa = PBXFileReference; fileEncoding = 4; lastKnownFileType = sourcecode.c.h; path = marshall.h; sourceTree = "<group>"; };
		A1E70D1F0A38B5BB007BE3E3 /* msg.h */ = {isa = PBXFileReference; fileEncoding = 4; lastKnownFileType = sourcecode.c.h; path = msg.h; sourceTree = "<group>"; };
		A1E70D200A38B5BB007BE3E3 /* msg_headers.h */ = {isa = PBXFileReference; fileEncoding = 4; lastKnownFileType = sourcecode.c.h; path = msg_headers.h; sourceTree = "<group>"; };
		A1E70D210A38B5BB007BE3E3 /* rpc_auth.h */ = {isa = PBXFileReference; fileEncoding = 4; lastKnownFileType = sourcecode.c.h; path = rpc_auth.h; sourceTree = "<group>"; };
		A1E70D260A38B5BB007BE3E3 /* NTMakefile */ = {isa = PBXFileReference; fileEncoding = 4; lastKnownFileType = text; name = NTMakefile; path = ../NTMakefile; sourceTree = SOURCE_ROOT; };
		A1E70D280A38B5BB007BE3E3 /* ccs_ccache.c */ = {isa = PBXFileReference; fileEncoding = 4; lastKnownFileType = sourcecode.c.c; path = ccs_ccache.c; sourceTree = "<group>"; };
		A1E70D290A38B5BB007BE3E3 /* ccs_context.c */ = {isa = PBXFileReference; fileEncoding = 4; lastKnownFileType = sourcecode.c.c; path = ccs_context.c; sourceTree = "<group>"; };
		A1E70D2A0A38B5BB007BE3E3 /* ccs_lists.c */ = {isa = PBXFileReference; fileEncoding = 4; lastKnownFileType = sourcecode.c.c; path = ccs_lists.c; sourceTree = "<group>"; };
		A1E70D2C0A38B5BB007BE3E3 /* main.c */ = {isa = PBXFileReference; fileEncoding = 4; lastKnownFileType = sourcecode.c.c; path = main.c; sourceTree = "<group>"; };
		A1E70D2D0A38B5BB007BE3E3 /* NTMakefile */ = {isa = PBXFileReference; fileEncoding = 4; lastKnownFileType = text; path = NTMakefile; sourceTree = "<group>"; };
		A1E70D2E0A38B5BB007BE3E3 /* rpc_auth.c */ = {isa = PBXFileReference; fileEncoding = 4; lastKnownFileType = sourcecode.c.c; path = rpc_auth.c; sourceTree = "<group>"; };
		A1E70D2F0A38B5BB007BE3E3 /* serv_ops.c */ = {isa = PBXFileReference; fileEncoding = 4; lastKnownFileType = sourcecode.c.c; path = serv_ops.c; sourceTree = "<group>"; };
		A1E70D300A38B5BB007BE3E3 /* serv_ops.h */ = {isa = PBXFileReference; fileEncoding = 4; lastKnownFileType = sourcecode.c.h; path = serv_ops.h; sourceTree = "<group>"; };
		A1E70D330A38B5BB007BE3E3 /* NTMakefile */ = {isa = PBXFileReference; fileEncoding = 4; lastKnownFileType = text; path = NTMakefile; sourceTree = "<group>"; };
		A1E70D340A38B5BB007BE3E3 /* t_ccache.c */ = {isa = PBXFileReference; fileEncoding = 4; lastKnownFileType = sourcecode.c.c; path = t_ccache.c; sourceTree = "<group>"; };
		A1E70D350A38B5BB007BE3E3 /* t_context.c */ = {isa = PBXFileReference; fileEncoding = 4; lastKnownFileType = sourcecode.c.c; path = t_context.c; sourceTree = "<group>"; };
		A1E70D360A38B5BB007BE3E3 /* t_lists.c */ = {isa = PBXFileReference; fileEncoding = 4; lastKnownFileType = sourcecode.c.c; path = t_lists.c; sourceTree = "<group>"; };
		A1E70D370A38B5BB007BE3E3 /* t_msg.c */ = {isa = PBXFileReference; fileEncoding = 4; lastKnownFileType = sourcecode.c.c; path = t_msg.c; sourceTree = "<group>"; };
		A1E70D380A38B5BB007BE3E3 /* t_server.c */ = {isa = PBXFileReference; fileEncoding = 4; lastKnownFileType = sourcecode.c.c; path = t_server.c; sourceTree = "<group>"; };
		A1E70D3A0A38B5BB007BE3E3 /* cacheapi.def */ = {isa = PBXFileReference; fileEncoding = 4; lastKnownFileType = text; path = cacheapi.def; sourceTree = "<group>"; };
		A1E70D3B0A38B5BB007BE3E3 /* client.c */ = {isa = PBXFileReference; fileEncoding = 4; lastKnownFileType = sourcecode.c.c; path = client.c; sourceTree = "<group>"; };
		A1E70D3C0A38B5BB007BE3E3 /* dllmain.c */ = {isa = PBXFileReference; fileEncoding = 4; lastKnownFileType = sourcecode.c.c; path = dllmain.c; sourceTree = "<group>"; };
		A1E70D3D0A38B5BC007BE3E3 /* ntccrpc.acf */ = {isa = PBXFileReference; fileEncoding = 4; lastKnownFileType = text; path = ntccrpc.acf; sourceTree = "<group>"; };
		A1E70D3E0A38B5BC007BE3E3 /* ntccrpc.idl */ = {isa = PBXFileReference; fileEncoding = 4; lastKnownFileType = text; path = ntccrpc.idl; sourceTree = "<group>"; };
		A1E70D3F0A38B5BC007BE3E3 /* NTMakefile */ = {isa = PBXFileReference; fileEncoding = 4; lastKnownFileType = text; path = NTMakefile; sourceTree = "<group>"; };
		A1E70D410A38B5BC007BE3E3 /* client.c */ = {isa = PBXFileReference; fileEncoding = 4; lastKnownFileType = sourcecode.c.c; path = client.c; sourceTree = "<group>"; };
		A1E70D420A38B5BC007BE3E3 /* cstest.acf */ = {isa = PBXFileReference; fileEncoding = 4; lastKnownFileType = text; path = cstest.acf; sourceTree = "<group>"; };
		A1E70D430A38B5BC007BE3E3 /* cstest.idl */ = {isa = PBXFileReference; fileEncoding = 4; lastKnownFileType = text; path = cstest.idl; sourceTree = "<group>"; };
		A1E70D440A38B5BC007BE3E3 /* NTMakefile */ = {isa = PBXFileReference; fileEncoding = 4; lastKnownFileType = text; path = NTMakefile; sourceTree = "<group>"; };
		A1E70D450A38B5BC007BE3E3 /* server.c */ = {isa = PBXFileReference; fileEncoding = 4; lastKnownFileType = sourcecode.c.c; path = server.c; sourceTree = "<group>"; };
		A1E70D460A38B5BC007BE3E3 /* server.c */ = {isa = PBXFileReference; fileEncoding = 4; lastKnownFileType = sourcecode.c.c; path = server.c; sourceTree = "<group>"; };
		A1E70D5D0A38B796007BE3E3 /* CCacheServer.app */ = {isa = PBXFileReference; includeInIndex = 0; lastKnownFileType = wrapper.application; path = CCacheServer.app; sourceTree = BUILT_PRODUCTS_DIR; };
		A1E70D910A38BB67007BE3E3 /* CCacheServer.plist */ = {isa = PBXFileReference; fileEncoding = 4; lastKnownFileType = text.xml; path = CCacheServer.plist; sourceTree = "<group>"; };
		A1E70D920A38BB67007BE3E3 /* CCacheServerInfo.plist */ = {isa = PBXFileReference; fileEncoding = 4; lastKnownFileType = text.xml; path = CCacheServerInfo.plist; sourceTree = "<group>"; };
		A1E70D930A38BB67007BE3E3 /* main.c */ = {isa = PBXFileReference; fileEncoding = 4; lastKnownFileType = sourcecode.c.c; path = main.c; sourceTree = "<group>"; };
		A1E70D9E0A38BCAD007BE3E3 /* mig.defs */ = {isa = PBXFileReference; fileEncoding = 4; lastKnownFileType = sourcecode.mig; path = mig.defs; sourceTree = "<group>"; };
		A1E70DB10A38C01E007BE3E3 /* mig_types.h */ = {isa = PBXFileReference; fileEncoding = 4; lastKnownFileType = sourcecode.c.h; path = mig_types.h; sourceTree = "<group>"; };
		A1E70DE00A38C6FD007BE3E3 /* kipc_client.h */ = {isa = PBXFileReference; fileEncoding = 4; lastKnownFileType = sourcecode.c.h; path = kipc_client.h; sourceTree = "<group>"; };
		A1E70DE10A38C6FD007BE3E3 /* kipc_common.h */ = {isa = PBXFileReference; fileEncoding = 4; lastKnownFileType = sourcecode.c.h; path = kipc_common.h; sourceTree = "<group>"; };
		A1E70DE20A38C6FD007BE3E3 /* kipc_server.h */ = {isa = PBXFileReference; fileEncoding = 4; lastKnownFileType = sourcecode.c.h; path = kipc_server.h; sourceTree = "<group>"; };
		A1E70DE30A38C6FD007BE3E3 /* kipc_session.h */ = {isa = PBXFileReference; fileEncoding = 4; lastKnownFileType = sourcecode.c.h; path = kipc_session.h; sourceTree = "<group>"; };
		A1E70DE40A38C6FD007BE3E3 /* kipc_client.c */ = {isa = PBXFileReference; fileEncoding = 4; lastKnownFileType = sourcecode.c.c; path = kipc_client.c; sourceTree = "<group>"; };
		A1E70DE50A38C6FD007BE3E3 /* kipc_common.c */ = {isa = PBXFileReference; fileEncoding = 4; lastKnownFileType = sourcecode.c.c; path = kipc_common.c; sourceTree = "<group>"; };
		A1E70DE60A38C6FD007BE3E3 /* kipc_server.c */ = {isa = PBXFileReference; fileEncoding = 4; lastKnownFileType = sourcecode.c.c; path = kipc_server.c; sourceTree = "<group>"; };
		A1E70DE70A38C6FD007BE3E3 /* kipc_session.c */ = {isa = PBXFileReference; fileEncoding = 4; lastKnownFileType = sourcecode.c.c; path = kipc_session.c; sourceTree = "<group>"; };
		A1E70DE80A38C6FD007BE3E3 /* notify.defs */ = {isa = PBXFileReference; fileEncoding = 4; lastKnownFileType = sourcecode.mig; path = notify.defs; sourceTree = "<group>"; };
		A1E70DE90A38C6FD007BE3E3 /* README */ = {isa = PBXFileReference; fileEncoding = 4; lastKnownFileType = text; path = README; sourceTree = "<group>"; };
		D2AAC046055464E500DB518D /* libCCAPI.a */ = {isa = PBXFileReference; explicitFileType = archive.ar; includeInIndex = 0; path = libCCAPI.a; sourceTree = BUILT_PRODUCTS_DIR; };
/* End PBXFileReference section */

/* Begin PBXFrameworksBuildPhase section */
		A1E70D5B0A38B796007BE3E3 /* Frameworks */ = {
			isa = PBXFrameworksBuildPhase;
			buildActionMask = 2147483647;
			files = (
			);
			runOnlyForDeploymentPostprocessing = 0;
		};
		D289987405E68DCB004EDB86 /* Frameworks */ = {
			isa = PBXFrameworksBuildPhase;
			buildActionMask = 2147483647;
			files = (
			);
			runOnlyForDeploymentPostprocessing = 0;
		};
/* End PBXFrameworksBuildPhase section */

/* Begin PBXGroup section */
		08FB7794FE84155DC02AAC07 /* CCAPI */ = {
			isa = PBXGroup;
			children = (
				A1E70CFF0A38B5BB007BE3E3 /* client */,
				A1E70D110A38B5BB007BE3E3 /* common */,
				A1E70D160A38B5BB007BE3E3 /* doc */,
				A1E70D180A38B5BB007BE3E3 /* include */,
				A1E70D260A38B5BB007BE3E3 /* NTMakefile */,
				A1E70D270A38B5BB007BE3E3 /* server */,
				A1E70D320A38B5BB007BE3E3 /* unit-test */,
				A1E70D390A38B5BB007BE3E3 /* windows */,
				1AB674ADFE9D54B511CA2CBB /* Products */,
			);
			name = CCAPI;
			sourceTree = "<group>";
		};
		1AB674ADFE9D54B511CA2CBB /* Products */ = {
			isa = PBXGroup;
			children = (
				D2AAC046055464E500DB518D /* libCCAPI.a */,
				A1E70D5D0A38B796007BE3E3 /* CCacheServer.app */,
			);
			name = Products;
			sourceTree = "<group>";
		};
		A1E70CFF0A38B5BB007BE3E3 /* client */ = {
			isa = PBXGroup;
			children = (
				A1E70D000A38B5BB007BE3E3 /* cacheapi.c */,
				A1E70D010A38B5BB007BE3E3 /* ccache.c */,
				A1E70D020A38B5BB007BE3E3 /* ccache.h */,
				A1E70D030A38B5BB007BE3E3 /* ccache_iterator.c */,
				A1E70D040A38B5BB007BE3E3 /* ccache_iterator.h */,
				A1E70D050A38B5BB007BE3E3 /* ccapiv2.c */,
				A1E70D060A38B5BB007BE3E3 /* ccstring.c */,
				A1E70D070A38B5BB007BE3E3 /* ccstring.h */,
				A1E70D080A38B5BB007BE3E3 /* context.c */,
				A1E70D090A38B5BB007BE3E3 /* context.h */,
				A1E70D0A0A38B5BB007BE3E3 /* credentials.c */,
				A1E70D0B0A38B5BB007BE3E3 /* credentials.h */,
				A1E70D0C0A38B5BB007BE3E3 /* credentials_iterator.c */,
				A1E70D0D0A38B5BB007BE3E3 /* credentials_iterator.h */,
				A1E70D0E0A38B5BB007BE3E3 /* mac */,
				A1E70D0F0A38B5BB007BE3E3 /* NTMakefile */,
				A1E70D100A38B5BB007BE3E3 /* windows */,
			);
			name = client;
			path = ../client;
			sourceTree = SOURCE_ROOT;
		};
		A1E70D0E0A38B5BB007BE3E3 /* mac */ = {
			isa = PBXGroup;
			children = (
			);
			path = mac;
			sourceTree = "<group>";
		};
		A1E70D100A38B5BB007BE3E3 /* windows */ = {
			isa = PBXGroup;
			children = (
			);
			path = windows;
			sourceTree = "<group>";
		};
		A1E70D110A38B5BB007BE3E3 /* common */ = {
			isa = PBXGroup;
			children = (
				A1E70D7E0A38BAC5007BE3E3 /* mac */,
				A1E70D120A38B5BB007BE3E3 /* generic_lists.c */,
				A1E70D130A38B5BB007BE3E3 /* marshall.c */,
				A1E70D140A38B5BB007BE3E3 /* msg.c */,
				A1E70D150A38B5BB007BE3E3 /* NTMakefile */,
			);
			name = common;
			path = ../common;
			sourceTree = SOURCE_ROOT;
		};
		A1E70D160A38B5BB007BE3E3 /* doc */ = {
			isa = PBXGroup;
			children = (
				A1E70D170A38B5BB007BE3E3 /* implementation-notes.txt */,
			);
			name = doc;
			path = ../doc;
			sourceTree = SOURCE_ROOT;
		};
		A1E70D180A38B5BB007BE3E3 /* include */ = {
			isa = PBXGroup;
			children = (
				A1E70D190A38B5BB007BE3E3 /* cc_rpc.h */,
				A1E70D1A0A38B5BB007BE3E3 /* CredentialsCache.h */,
				A1E70D1B0A38B5BB007BE3E3 /* CredentialsCache2.h */,
				A1E70D1C0A38B5BB007BE3E3 /* datastore.h */,
				A1E70D1D0A38B5BB007BE3E3 /* generic_lists.h */,
				A1E70D1E0A38B5BB007BE3E3 /* marshall.h */,
				A1E70D1F0A38B5BB007BE3E3 /* msg.h */,
				A1E70D200A38B5BB007BE3E3 /* msg_headers.h */,
				A1E70D210A38B5BB007BE3E3 /* rpc_auth.h */,
			);
			name = include;
			path = ../include;
			sourceTree = SOURCE_ROOT;
		};
		A1E70D270A38B5BB007BE3E3 /* server */ = {
			isa = PBXGroup;
			children = (
				A1E70D280A38B5BB007BE3E3 /* ccs_ccache.c */,
				A1E70D290A38B5BB007BE3E3 /* ccs_context.c */,
				A1E70D2A0A38B5BB007BE3E3 /* ccs_lists.c */,
				A1E70D2B0A38B5BB007BE3E3 /* mac */,
				A1E70D2C0A38B5BB007BE3E3 /* main.c */,
				A1E70D2D0A38B5BB007BE3E3 /* NTMakefile */,
				A1E70D2E0A38B5BB007BE3E3 /* rpc_auth.c */,
				A1E70D2F0A38B5BB007BE3E3 /* serv_ops.c */,
				A1E70D300A38B5BB007BE3E3 /* serv_ops.h */,
				A1E70D310A38B5BB007BE3E3 /* windows */,
			);
			name = server;
			path = ../server;
			sourceTree = SOURCE_ROOT;
		};
		A1E70D2B0A38B5BB007BE3E3 /* mac */ = {
			isa = PBXGroup;
			children = (
				A1E70D910A38BB67007BE3E3 /* CCacheServer.plist */,
				A1E70D920A38BB67007BE3E3 /* CCacheServerInfo.plist */,
				A1E70D930A38BB67007BE3E3 /* main.c */,
			);
			path = mac;
			sourceTree = "<group>";
		};
		A1E70D310A38B5BB007BE3E3 /* windows */ = {
			isa = PBXGroup;
			children = (
			);
			path = windows;
			sourceTree = "<group>";
		};
		A1E70D320A38B5BB007BE3E3 /* unit-test */ = {
			isa = PBXGroup;
			children = (
				A1E70D330A38B5BB007BE3E3 /* NTMakefile */,
				A1E70D340A38B5BB007BE3E3 /* t_ccache.c */,
				A1E70D350A38B5BB007BE3E3 /* t_context.c */,
				A1E70D360A38B5BB007BE3E3 /* t_lists.c */,
				A1E70D370A38B5BB007BE3E3 /* t_msg.c */,
				A1E70D380A38B5BB007BE3E3 /* t_server.c */,
			);
			name = "unit-test";
			path = "../unit-test";
			sourceTree = SOURCE_ROOT;
		};
		A1E70D390A38B5BB007BE3E3 /* windows */ = {
			isa = PBXGroup;
			children = (
				A1E70D3A0A38B5BB007BE3E3 /* cacheapi.def */,
				A1E70D3B0A38B5BB007BE3E3 /* client.c */,
				A1E70D3C0A38B5BB007BE3E3 /* dllmain.c */,
				A1E70D3D0A38B5BC007BE3E3 /* ntccrpc.acf */,
				A1E70D3E0A38B5BC007BE3E3 /* ntccrpc.idl */,
				A1E70D3F0A38B5BC007BE3E3 /* NTMakefile */,
				A1E70D400A38B5BC007BE3E3 /* rpcsstest */,
				A1E70D460A38B5BC007BE3E3 /* server.c */,
			);
			name = windows;
			path = ../windows;
			sourceTree = SOURCE_ROOT;
		};
		A1E70D400A38B5BC007BE3E3 /* rpcsstest */ = {
			isa = PBXGroup;
			children = (
				A1E70D410A38B5BC007BE3E3 /* client.c */,
				A1E70D420A38B5BC007BE3E3 /* cstest.acf */,
				A1E70D430A38B5BC007BE3E3 /* cstest.idl */,
				A1E70D440A38B5BC007BE3E3 /* NTMakefile */,
				A1E70D450A38B5BC007BE3E3 /* server.c */,
			);
			path = rpcsstest;
			sourceTree = "<group>";
		};
		A1E70D7E0A38BAC5007BE3E3 /* mac */ = {
			isa = PBXGroup;
			children = (
				A1E70DDE0A38C6FD007BE3E3 /* KerberosIPC */,
				A1E70D9E0A38BCAD007BE3E3 /* mig.defs */,
				A1E70DB10A38C01E007BE3E3 /* mig_types.h */,
			);
			path = mac;
			sourceTree = "<group>";
		};
		A1E70DDE0A38C6FD007BE3E3 /* KerberosIPC */ = {
			isa = PBXGroup;
			children = (
				A1E70DDF0A38C6FD007BE3E3 /* Kerberos */,
				A1E70DE40A38C6FD007BE3E3 /* kipc_client.c */,
				A1E70DE50A38C6FD007BE3E3 /* kipc_common.c */,
				A1E70DE60A38C6FD007BE3E3 /* kipc_server.c */,
				A1E70DE70A38C6FD007BE3E3 /* kipc_session.c */,
				A1E70DE80A38C6FD007BE3E3 /* notify.defs */,
				A1E70DE90A38C6FD007BE3E3 /* README */,
			);
			path = KerberosIPC;
			sourceTree = "<group>";
		};
		A1E70DDF0A38C6FD007BE3E3 /* Kerberos */ = {
			isa = PBXGroup;
			children = (
				A1E70DE00A38C6FD007BE3E3 /* kipc_client.h */,
				A1E70DE10A38C6FD007BE3E3 /* kipc_common.h */,
				A1E70DE20A38C6FD007BE3E3 /* kipc_server.h */,
				A1E70DE30A38C6FD007BE3E3 /* kipc_session.h */,
			);
			path = Kerberos;
			sourceTree = "<group>";
		};
/* End PBXGroup section */

/* Begin PBXHeadersBuildPhase section */
		D2AAC043055464E500DB518D /* Headers */ = {
			isa = PBXHeadersBuildPhase;
			buildActionMask = 2147483647;
			files = (
			);
			runOnlyForDeploymentPostprocessing = 0;
		};
/* End PBXHeadersBuildPhase section */

/* Begin PBXNativeTarget section */
		A1E70D5C0A38B796007BE3E3 /* CCacheServer */ = {
			isa = PBXNativeTarget;
			buildConfigurationList = A1E70D600A38B797007BE3E3 /* Build configuration list for PBXNativeTarget "CCacheServer" */;
			buildPhases = (
				A1E70D590A38B796007BE3E3 /* Resources */,
				A1E70D5A0A38B796007BE3E3 /* Sources */,
				A1E70D5B0A38B796007BE3E3 /* Frameworks */,
			);
			buildRules = (
			);
			dependencies = (
			);
			name = CCacheServer;
			productName = CCacheServer;
			productReference = A1E70D5D0A38B796007BE3E3 /* CCacheServer.app */;
			productType = "com.apple.product-type.application";
		};
		D2AAC045055464E500DB518D /* CCAPI */ = {
			isa = PBXNativeTarget;
			buildConfigurationList = 1DEB91EB08733DB70010E9CD /* Build configuration list for PBXNativeTarget "CCAPI" */;
			buildPhases = (
				D2AAC043055464E500DB518D /* Headers */,
				D2AAC044055464E500DB518D /* Sources */,
				D289987405E68DCB004EDB86 /* Frameworks */,
			);
			buildRules = (
			);
			dependencies = (
			);
			name = CCAPI;
			productName = CCAPI;
			productReference = D2AAC046055464E500DB518D /* libCCAPI.a */;
			productType = "com.apple.product-type.library.static";
		};
/* End PBXNativeTarget section */

/* Begin PBXProject section */
		08FB7793FE84155DC02AAC07 /* Project object */ = {
			isa = PBXProject;
			buildConfigurationList = 1DEB91EF08733DB70010E9CD /* Build configuration list for PBXProject "CCAPI" */;
			hasScannedForEncodings = 1;
			mainGroup = 08FB7794FE84155DC02AAC07 /* CCAPI */;
			projectDirPath = "";
			targets = (
				D2AAC045055464E500DB518D /* CCAPI */,
				A1E70D5C0A38B796007BE3E3 /* CCacheServer */,
			);
		};
/* End PBXProject section */

/* Begin PBXResourcesBuildPhase section */
		A1E70D590A38B796007BE3E3 /* Resources */ = {
			isa = PBXResourcesBuildPhase;
			buildActionMask = 2147483647;
			files = (
			);
			runOnlyForDeploymentPostprocessing = 0;
		};
/* End PBXResourcesBuildPhase section */

/* Begin PBXSourcesBuildPhase section */
		A1E70D5A0A38B796007BE3E3 /* Sources */ = {
			isa = PBXSourcesBuildPhase;
			buildActionMask = 2147483647;
			files = (
				A1E70DA00A38BCAD007BE3E3 /* mig.defs in Sources */,
				A1E70DF00A38C71D007BE3E3 /* notify.defs in Sources */,
				A1E70D9B0A38BBE2007BE3E3 /* main.c in Sources */,
				A1E70D890A38BB47007BE3E3 /* ccs_ccache.c in Sources */,
				A1E70D8A0A38BB47007BE3E3 /* ccs_context.c in Sources */,
				A1E70D8B0A38BB47007BE3E3 /* ccs_lists.c in Sources */,
				A1E70D8C0A38BB47007BE3E3 /* rpc_auth.c in Sources */,
				A1E70D8D0A38BB47007BE3E3 /* serv_ops.c in Sources */,
				A1E70D8E0A38BB4F007BE3E3 /* generic_lists.c in Sources */,
				A1E70D8F0A38BB4F007BE3E3 /* marshall.c in Sources */,
				A1E70D900A38BB4F007BE3E3 /* msg.c in Sources */,
				A1E70DED0A38C71D007BE3E3 /* kipc_common.c in Sources */,
				A1E70DEE0A38C71D007BE3E3 /* kipc_server.c in Sources */,
				A1E70DEF0A38C71D007BE3E3 /* kipc_session.c in Sources */,
			);
			runOnlyForDeploymentPostprocessing = 0;
		};
		D2AAC044055464E500DB518D /* Sources */ = {
			isa = PBXSourcesBuildPhase;
			buildActionMask = 2147483647;
			files = (
				A1E70D9F0A38BCAD007BE3E3 /* mig.defs in Sources */,
				A1E70D480A38B5D5007BE3E3 /* cacheapi.c in Sources */,
				A1E70D490A38B5D5007BE3E3 /* ccache.c in Sources */,
				A1E70D4A0A38B5D5007BE3E3 /* ccache_iterator.c in Sources */,
				A1E70D4B0A38B5D5007BE3E3 /* ccapiv2.c in Sources */,
				A1E70D4C0A38B5D5007BE3E3 /* ccstring.c in Sources */,
				A1E70D4D0A38B5D5007BE3E3 /* context.c in Sources */,
				A1E70D4E0A38B5D5007BE3E3 /* credentials.c in Sources */,
				A1E70D4F0A38B5D5007BE3E3 /* credentials_iterator.c in Sources */,
				A1E70D510A38B60C007BE3E3 /* generic_lists.c in Sources */,
				A1E70D520A38B60C007BE3E3 /* marshall.c in Sources */,
				A1E70D530A38B60C007BE3E3 /* msg.c in Sources */,
				A1E70DEA0A38C710007BE3E3 /* kipc_client.c in Sources */,
				A1E70DEB0A38C710007BE3E3 /* kipc_common.c in Sources */,
				A1E70DEC0A38C710007BE3E3 /* kipc_session.c in Sources */,
			);
			runOnlyForDeploymentPostprocessing = 0;
		};
/* End PBXSourcesBuildPhase section */

/* Begin XCBuildConfiguration section */
		1DEB91EC08733DB70010E9CD /* Debug */ = {
			isa = XCBuildConfiguration;
			buildSettings = {
				GCC_DYNAMIC_NO_PIC = NO;
				HEADER_SEARCH_PATHS = (
					"$(inherited)",
					../client,
					../client/mac,
					../common,
					../common/mac,
					../common/mac/KerberosIPC,
				);
				PRODUCT_NAME = CCAPI;
			};
			name = Debug;
		};
		1DEB91ED08733DB70010E9CD /* Release */ = {
			isa = XCBuildConfiguration;
			buildSettings = {
				HEADER_SEARCH_PATHS = (
					"$(inherited)",
					../client,
					../client/mac,
					../common,
					../common/mac,
					../common/mac/KerberosIPC,
				);
				PRODUCT_NAME = CCAPI;
			};
			name = Release;
		};
		1DEB91F008733DB70010E9CD /* Debug */ = {
			isa = XCBuildConfiguration;
			buildSettings = {
				ARCHS = (
					i386,
					ppc,
				);
				COPY_PHASE_STRIP = NO;
				GCC_ENABLE_FIX_AND_CONTINUE = YES;
				GCC_GENERATE_DEBUGGING_SYMBOLS = YES;
				GCC_OPTIMIZATION_LEVEL = 0;
				PREBINDING = NO;
				ZERO_LINK = YES;
			};
			name = Debug;
		};
		1DEB91F108733DB70010E9CD /* Release */ = {
			isa = XCBuildConfiguration;
			buildSettings = {
				ARCHS = "$(NATIVE_ARCH)";
				COPY_PHASE_STRIP = YES;
				GCC_ENABLE_FIX_AND_CONTINUE = NO;
				GCC_GENERATE_DEBUGGING_SYMBOLS = YES;
				GCC_OPTIMIZATION_LEVEL = 3;
				PREBINDING = NO;
				ZERO_LINK = NO;
			};
			name = Release;
		};
		A1E70D610A38B797007BE3E3 /* Debug */ = {
			isa = XCBuildConfiguration;
			buildSettings = {
				HEADER_SEARCH_PATHS = (
					"$(inherited)",
					../server,
					../server/mac,
					../common,
					../common/mac,
					../common/mac/KerberosIPC,
				);
				INFOPLIST_FILE = ../server/mac/CCacheServerInfo.plist;
				INSTALL_PATH = /System/Library/CoreServices;
				PRODUCT_NAME = CCacheServer;
				WRAPPER_EXTENSION = app;
			};
			name = Debug;
		};
		A1E70D620A38B797007BE3E3 /* Release */ = {
			isa = XCBuildConfiguration;
			buildSettings = {
				HEADER_SEARCH_PATHS = (
					"$(inherited)",
					../server,
					../server/mac,
					../common,
					../common/mac,
					../common/mac/KerberosIPC,
				);
				INFOPLIST_FILE = ../server/mac/CCacheServerInfo.plist;
				INSTALL_PATH = /System/Library/CoreServices;
				PRODUCT_NAME = CCacheServer;
				WRAPPER_EXTENSION = app;
			};
			name = Release;
		};
/* End XCBuildConfiguration section */

/* Begin XCConfigurationList section */
		1DEB91EB08733DB70010E9CD /* Build configuration list for PBXNativeTarget "CCAPI" */ = {
			isa = XCConfigurationList;
			buildConfigurations = (
				1DEB91EC08733DB70010E9CD /* Debug */,
				1DEB91ED08733DB70010E9CD /* Release */,
			);
			defaultConfigurationIsVisible = 0;
			defaultConfigurationName = Release;
		};
		1DEB91EF08733DB70010E9CD /* Build configuration list for PBXProject "CCAPI" */ = {
			isa = XCConfigurationList;
			buildConfigurations = (
				1DEB91F008733DB70010E9CD /* Debug */,
				1DEB91F108733DB70010E9CD /* Release */,
			);
			defaultConfigurationIsVisible = 0;
			defaultConfigurationName = Release;
		};
		A1E70D600A38B797007BE3E3 /* Build configuration list for PBXNativeTarget "CCacheServer" */ = {
			isa = XCConfigurationList;
			buildConfigurations = (
				A1E70D610A38B797007BE3E3 /* Debug */,
				A1E70D620A38B797007BE3E3 /* Release */,
			);
			defaultConfigurationIsVisible = 0;
			defaultConfigurationName = Release;
		};
/* End XCConfigurationList section */
	};
	rootObject = 08FB7793FE84155DC02AAC07 /* Project object */;
}
